
Microsoft Visual Studio Solution File, Format Version 12.00
# Visual Studio Version 16
VisualStudioVersion = 16.0.31205.134
MinimumVisualStudioVersion = 10.0.40219.1
Project("{2150E333-8FDC-42A3-9474-1A3956D46DE8}") = "Services", "Services", "{902556BF-5687-4389-BB20-D02BA6472600}"
EndProject
Project("{2150E333-8FDC-42A3-9474-1A3956D46DE8}") = "Catalog", "Catalog", "{56EE5F3E-1343-447F-8EB3-FB4F3CA30B46}"
EndProject
Project("{9A19103F-16F7-4668-BE54-9A1E7A4F7556}") = "FreeCource.Service.Catalog", "Services\Catalog\FreeCource.Service.Catalog\FreeCource.Service.Catalog.csproj", "{C4CE4DC3-9B9F-4384-8402-ADB4B137F1A0}"
EndProject
Project("{2150E333-8FDC-42A3-9474-1A3956D46DE8}") = "Solution Items", "Solution Items", "{AAE3176A-A964-4062-AB68-2F626E569808}"
	ProjectSection(SolutionItems) = preProject
		Ports.txt = Ports.txt
	EndProjectSection
EndProject
Project("{2150E333-8FDC-42A3-9474-1A3956D46DE8}") = "Shared", "Shared", "{640A704F-6E93-418C-A531-CC5EFD6ED688}"
EndProject
Project("{9A19103F-16F7-4668-BE54-9A1E7A4F7556}") = "FreeCourse.Shared", "Shared\FreeCourse.Shared\FreeCourse.Shared.csproj", "{BB58D520-074D-4F5A-8C04-2A580F17FDAF}"
EndProject
Project("{2150E333-8FDC-42A3-9474-1A3956D46DE8}") = "IdentityServer", "IdentityServer", "{5A8011B2-08EA-425C-9D62-1FAA8F4307BE}"
EndProject
Project("{9A19103F-16F7-4668-BE54-9A1E7A4F7556}") = "FreeCourse.IdentityServer", "IdentityServer\FreeCourse.IdentityServer\FreeCourse.IdentityServer.csproj", "{E079600C-CDA8-449A-B516-480E8B81E212}"
EndProject
Project("{2150E333-8FDC-42A3-9474-1A3956D46DE8}") = "PhotoStock", "PhotoStock", "{728FAC86-14E3-409E-8E0C-7B9B5CBE013F}"
EndProject
Project("{9A19103F-16F7-4668-BE54-9A1E7A4F7556}") = "FreeCourse.Services.PhotoStock", "Services\PhotoStock\FreeCourse.Services.PhotoStock\FreeCourse.Services.PhotoStock.csproj", "{21952C00-9D4E-4E43-BC3F-6B9BC29FEA5E}"
EndProject
Project("{2150E333-8FDC-42A3-9474-1A3956D46DE8}") = "Basket", "Basket", "{FCA07DB2-F030-41FA-B01A-0F7A33683EE8}"
EndProject
Project("{9A19103F-16F7-4668-BE54-9A1E7A4F7556}") = "FreeCourse.Service.Basket", "Services\Basket\FreeCourse.Service.Basket\FreeCourse.Service.Basket.csproj", "{0B163D4F-9034-483E-9D77-C499A70DF654}"
EndProject
Project("{2150E333-8FDC-42A3-9474-1A3956D46DE8}") = "Discount", "Discount", "{2C6C8FBF-7A6C-4AB2-9618-2E31B4FF36F6}"
EndProject
Project("{9A19103F-16F7-4668-BE54-9A1E7A4F7556}") = "FreeCourse.Service.Discount", "Services\Discount\FreeCourse.Service.Discount\FreeCourse.Service.Discount.csproj", "{E5A97CC3-5D65-4478-BE23-F5D4B0B3A8CD}"
EndProject
Project("{2150E333-8FDC-42A3-9474-1A3956D46DE8}") = "Order", "Order", "{D16CD32A-1B03-4E91-A99B-A4D03111CDE7}"
EndProject
Project("{9A19103F-16F7-4668-BE54-9A1E7A4F7556}") = "FreeCourse.Services.Order.API", "Services\Order\FreeCourse.Services.Order.API\FreeCourse.Services.Order.API.csproj", "{C5847072-F5FF-4E3B-B17E-7907A23725A9}"
EndProject
Project("{9A19103F-16F7-4668-BE54-9A1E7A4F7556}") = "FreeCourse.Services.Order.Application", "Services\Order\FreeCourse.Services.Order.Application\FreeCourse.Services.Order.Application.csproj", "{71444577-29F5-4FE8-A0B2-AE04DA566518}"
EndProject
Project("{9A19103F-16F7-4668-BE54-9A1E7A4F7556}") = "FreeCourse.Services.Order.Domain", "Services\Order\FreeCourse.Services.Order.Domain\FreeCourse.Services.Order.Domain.csproj", "{7BAD7323-C4D3-4B47-A88C-4027F3DEC26A}"
EndProject
Project("{9A19103F-16F7-4668-BE54-9A1E7A4F7556}") = "FreeCourse.Services.Order.Domain.Core", "Services\Order\FreeCourse.Services.Order.Domain.Core\FreeCourse.Services.Order.Domain.Core.csproj", "{BBB4C1B4-236F-4071-BA27-F708953E9E6A}"
EndProject
Project("{9A19103F-16F7-4668-BE54-9A1E7A4F7556}") = "FreeCourse.Services.Order.Infrastructure", "Services\Order\FreeCourse.Services.Order.Infrastructure\FreeCourse.Services.Order.Infrastructure.csproj", "{F891BD26-5843-4E9A-AD69-46AC8A7EA749}"
EndProject
Project("{2150E333-8FDC-42A3-9474-1A3956D46DE8}") = "FakePayment", "FakePayment", "{66202033-DEC9-4DA1-8D5C-3F2778F3E114}"
EndProject
Project("{9A19103F-16F7-4668-BE54-9A1E7A4F7556}") = "FreeCourse.Services.FakePayment", "Services\FakePayment\FreeCourse.Services.FakePayment\FreeCourse.Services.FakePayment.csproj", "{4B11FB33-D0AC-4660-967B-825B0C1B7AA3}"
EndProject
Project("{2150E333-8FDC-42A3-9474-1A3956D46DE8}") = "Gateways", "Gateways", "{AD8614C8-8F88-42FA-8E87-E864789EE834}"
EndProject
Project("{FAE04EC0-301F-11D3-BF4B-00C04F79EFBC}") = "FreeCourse.Gateway", "Gateways\FreeCourse.Gateway\FreeCourse.Gateway.csproj", "{071FEE5D-A734-4166-9894-86DAA4CC4A06}"
EndProject
Project("{2150E333-8FDC-42A3-9474-1A3956D46DE8}") = "FrontEnds", "FrontEnds", "{85AD33E1-E08F-487B-BAEF-C1B3106D943F}"
EndProject
Project("{FAE04EC0-301F-11D3-BF4B-00C04F79EFBC}") = "FreeCourse.Web", "Frontends\FreeCourse.Web\FreeCourse.Web.csproj", "{29774906-9F33-4511-8162-DEB421B6097E}"
EndProject
Global
	GlobalSection(SolutionConfigurationPlatforms) = preSolution
		Debug|Any CPU = Debug|Any CPU
		Release|Any CPU = Release|Any CPU
	EndGlobalSection
	GlobalSection(ProjectConfigurationPlatforms) = postSolution
		{C4CE4DC3-9B9F-4384-8402-ADB4B137F1A0}.Debug|Any CPU.ActiveCfg = Debug|Any CPU
		{C4CE4DC3-9B9F-4384-8402-ADB4B137F1A0}.Debug|Any CPU.Build.0 = Debug|Any CPU
		{C4CE4DC3-9B9F-4384-8402-ADB4B137F1A0}.Release|Any CPU.ActiveCfg = Release|Any CPU
		{C4CE4DC3-9B9F-4384-8402-ADB4B137F1A0}.Release|Any CPU.Build.0 = Release|Any CPU
		{BB58D520-074D-4F5A-8C04-2A580F17FDAF}.Debug|Any CPU.ActiveCfg = Debug|Any CPU
		{BB58D520-074D-4F5A-8C04-2A580F17FDAF}.Debug|Any CPU.Build.0 = Debug|Any CPU
		{BB58D520-074D-4F5A-8C04-2A580F17FDAF}.Release|Any CPU.ActiveCfg = Release|Any CPU
		{BB58D520-074D-4F5A-8C04-2A580F17FDAF}.Release|Any CPU.Build.0 = Release|Any CPU
		{E079600C-CDA8-449A-B516-480E8B81E212}.Debug|Any CPU.ActiveCfg = Debug|Any CPU
		{E079600C-CDA8-449A-B516-480E8B81E212}.Debug|Any CPU.Build.0 = Debug|Any CPU
		{E079600C-CDA8-449A-B516-480E8B81E212}.Release|Any CPU.ActiveCfg = Release|Any CPU
		{E079600C-CDA8-449A-B516-480E8B81E212}.Release|Any CPU.Build.0 = Release|Any CPU
		{21952C00-9D4E-4E43-BC3F-6B9BC29FEA5E}.Debug|Any CPU.ActiveCfg = Debug|Any CPU
		{21952C00-9D4E-4E43-BC3F-6B9BC29FEA5E}.Debug|Any CPU.Build.0 = Debug|Any CPU
		{21952C00-9D4E-4E43-BC3F-6B9BC29FEA5E}.Release|Any CPU.ActiveCfg = Release|Any CPU
		{21952C00-9D4E-4E43-BC3F-6B9BC29FEA5E}.Release|Any CPU.Build.0 = Release|Any CPU
		{0B163D4F-9034-483E-9D77-C499A70DF654}.Debug|Any CPU.ActiveCfg = Debug|Any CPU
		{0B163D4F-9034-483E-9D77-C499A70DF654}.Debug|Any CPU.Build.0 = Debug|Any CPU
		{0B163D4F-9034-483E-9D77-C499A70DF654}.Release|Any CPU.ActiveCfg = Release|Any CPU
		{0B163D4F-9034-483E-9D77-C499A70DF654}.Release|Any CPU.Build.0 = Release|Any CPU
		{E5A97CC3-5D65-4478-BE23-F5D4B0B3A8CD}.Debug|Any CPU.ActiveCfg = Debug|Any CPU
		{E5A97CC3-5D65-4478-BE23-F5D4B0B3A8CD}.Debug|Any CPU.Build.0 = Debug|Any CPU
		{E5A97CC3-5D65-4478-BE23-F5D4B0B3A8CD}.Release|Any CPU.ActiveCfg = Release|Any CPU
		{E5A97CC3-5D65-4478-BE23-F5D4B0B3A8CD}.Release|Any CPU.Build.0 = Release|Any CPU
		{C5847072-F5FF-4E3B-B17E-7907A23725A9}.Debug|Any CPU.ActiveCfg = Debug|Any CPU
		{C5847072-F5FF-4E3B-B17E-7907A23725A9}.Debug|Any CPU.Build.0 = Debug|Any CPU
		{C5847072-F5FF-4E3B-B17E-7907A23725A9}.Release|Any CPU.ActiveCfg = Release|Any CPU
		{C5847072-F5FF-4E3B-B17E-7907A23725A9}.Release|Any CPU.Build.0 = Release|Any CPU
		{71444577-29F5-4FE8-A0B2-AE04DA566518}.Debug|Any CPU.ActiveCfg = Debug|Any CPU
		{71444577-29F5-4FE8-A0B2-AE04DA566518}.Debug|Any CPU.Build.0 = Debug|Any CPU
		{71444577-29F5-4FE8-A0B2-AE04DA566518}.Release|Any CPU.ActiveCfg = Release|Any CPU
		{71444577-29F5-4FE8-A0B2-AE04DA566518}.Release|Any CPU.Build.0 = Release|Any CPU
		{7BAD7323-C4D3-4B47-A88C-4027F3DEC26A}.Debug|Any CPU.ActiveCfg = Debug|Any CPU
		{7BAD7323-C4D3-4B47-A88C-4027F3DEC26A}.Debug|Any CPU.Build.0 = Debug|Any CPU
		{7BAD7323-C4D3-4B47-A88C-4027F3DEC26A}.Release|Any CPU.ActiveCfg = Release|Any CPU
		{7BAD7323-C4D3-4B47-A88C-4027F3DEC26A}.Release|Any CPU.Build.0 = Release|Any CPU
		{BBB4C1B4-236F-4071-BA27-F708953E9E6A}.Debug|Any CPU.ActiveCfg = Debug|Any CPU
		{BBB4C1B4-236F-4071-BA27-F708953E9E6A}.Debug|Any CPU.Build.0 = Debug|Any CPU
		{BBB4C1B4-236F-4071-BA27-F708953E9E6A}.Release|Any CPU.ActiveCfg = Release|Any CPU
		{BBB4C1B4-236F-4071-BA27-F708953E9E6A}.Release|Any CPU.Build.0 = Release|Any CPU
		{F891BD26-5843-4E9A-AD69-46AC8A7EA749}.Debug|Any CPU.ActiveCfg = Debug|Any CPU
		{F891BD26-5843-4E9A-AD69-46AC8A7EA749}.Debug|Any CPU.Build.0 = Debug|Any CPU
		{F891BD26-5843-4E9A-AD69-46AC8A7EA749}.Release|Any CPU.ActiveCfg = Release|Any CPU
		{F891BD26-5843-4E9A-AD69-46AC8A7EA749}.Release|Any CPU.Build.0 = Release|Any CPU
		{4B11FB33-D0AC-4660-967B-825B0C1B7AA3}.Debug|Any CPU.ActiveCfg = Debug|Any CPU
		{4B11FB33-D0AC-4660-967B-825B0C1B7AA3}.Debug|Any CPU.Build.0 = Debug|Any CPU
		{4B11FB33-D0AC-4660-967B-825B0C1B7AA3}.Release|Any CPU.ActiveCfg = Release|Any CPU
		{4B11FB33-D0AC-4660-967B-825B0C1B7AA3}.Release|Any CPU.Build.0 = Release|Any CPU
		{071FEE5D-A734-4166-9894-86DAA4CC4A06}.Debug|Any CPU.ActiveCfg = Debug|Any CPU
		{071FEE5D-A734-4166-9894-86DAA4CC4A06}.Debug|Any CPU.Build.0 = Debug|Any CPU
		{071FEE5D-A734-4166-9894-86DAA4CC4A06}.Release|Any CPU.ActiveCfg = Release|Any CPU
		{071FEE5D-A734-4166-9894-86DAA4CC4A06}.Release|Any CPU.Build.0 = Release|Any CPU
		{29774906-9F33-4511-8162-DEB421B6097E}.Debug|Any CPU.ActiveCfg = Debug|Any CPU
		{29774906-9F33-4511-8162-DEB421B6097E}.Debug|Any CPU.Build.0 = Debug|Any CPU
		{29774906-9F33-4511-8162-DEB421B6097E}.Release|Any CPU.ActiveCfg = Release|Any CPU
		{29774906-9F33-4511-8162-DEB421B6097E}.Release|Any CPU.Build.0 = Release|Any CPU
	EndGlobalSection
	GlobalSection(SolutionProperties) = preSolution
		HideSolutionNode = FALSE
	EndGlobalSection
	GlobalSection(NestedProjects) = preSolution
		{56EE5F3E-1343-447F-8EB3-FB4F3CA30B46} = {902556BF-5687-4389-BB20-D02BA6472600}
		{C4CE4DC3-9B9F-4384-8402-ADB4B137F1A0} = {56EE5F3E-1343-447F-8EB3-FB4F3CA30B46}
		{BB58D520-074D-4F5A-8C04-2A580F17FDAF} = {640A704F-6E93-418C-A531-CC5EFD6ED688}
		{E079600C-CDA8-449A-B516-480E8B81E212} = {5A8011B2-08EA-425C-9D62-1FAA8F4307BE}
		{728FAC86-14E3-409E-8E0C-7B9B5CBE013F} = {902556BF-5687-4389-BB20-D02BA6472600}
		{21952C00-9D4E-4E43-BC3F-6B9BC29FEA5E} = {728FAC86-14E3-409E-8E0C-7B9B5CBE013F}
		{FCA07DB2-F030-41FA-B01A-0F7A33683EE8} = {902556BF-5687-4389-BB20-D02BA6472600}
		{0B163D4F-9034-483E-9D77-C499A70DF654} = {FCA07DB2-F030-41FA-B01A-0F7A33683EE8}
		{2C6C8FBF-7A6C-4AB2-9618-2E31B4FF36F6} = {902556BF-5687-4389-BB20-D02BA6472600}
		{E5A97CC3-5D65-4478-BE23-F5D4B0B3A8CD} = {2C6C8FBF-7A6C-4AB2-9618-2E31B4FF36F6}
		{D16CD32A-1B03-4E91-A99B-A4D03111CDE7} = {902556BF-5687-4389-BB20-D02BA6472600}
		{C5847072-F5FF-4E3B-B17E-7907A23725A9} = {D16CD32A-1B03-4E91-A99B-A4D03111CDE7}
		{71444577-29F5-4FE8-A0B2-AE04DA566518} = {D16CD32A-1B03-4E91-A99B-A4D03111CDE7}
		{7BAD7323-C4D3-4B47-A88C-4027F3DEC26A} = {D16CD32A-1B03-4E91-A99B-A4D03111CDE7}
		{BBB4C1B4-236F-4071-BA27-F708953E9E6A} = {D16CD32A-1B03-4E91-A99B-A4D03111CDE7}
		{F891BD26-5843-4E9A-AD69-46AC8A7EA749} = {D16CD32A-1B03-4E91-A99B-A4D03111CDE7}
		{66202033-DEC9-4DA1-8D5C-3F2778F3E114} = {902556BF-5687-4389-BB20-D02BA6472600}
		{4B11FB33-D0AC-4660-967B-825B0C1B7AA3} = {66202033-DEC9-4DA1-8D5C-3F2778F3E114}
		{071FEE5D-A734-4166-9894-86DAA4CC4A06} = {AD8614C8-8F88-42FA-8E87-E864789EE834}
		{29774906-9F33-4511-8162-DEB421B6097E} = {85AD33E1-E08F-487B-BAEF-C1B3106D943F}
	EndGlobalSection
	GlobalSection(ExtensibilityGlobals) = postSolution
		SolutionGuid = {66925965-CDA1-4685-830A-CAD739C7D255}
	EndGlobalSection
EndGlobal
